
Microsoft Visual Studio Solution File, Format Version 12.00
# Visual Studio Version 16
VisualStudioVersion = 16.0.30804.86
MinimumVisualStudioVersion = 10.0.40219.1
Project("{888888A0-9F3D-457C-B088-3A5042F75D52}") = "bot_wie_geht_es_dir", "bot_wie_geht_es_dir\bot_wie_geht_es_dir.pyproj", "{BE660618-DF84-4199-A402-5D47AA452CBE}"
EndProject
Global
	GlobalSection(SolutionConfigurationPlatforms) = preSolution
		Debug|Any CPU = Debug|Any CPU
		Release|Any CPU = Release|Any CPU
	EndGlobalSection
	GlobalSection(ProjectConfigurationPlatforms) = postSolution
		{BE660618-DF84-4199-A402-5D47AA452CBE}.Debug|Any CPU.ActiveCfg = Debug|Any CPU
		{BE660618-DF84-4199-A402-5D47AA452CBE}.Release|Any CPU.ActiveCfg = Release|Any CPU
	EndGlobalSection
	GlobalSection(SolutionProperties) = preSolution
		HideSolutionNode = FALSE
	EndGlobalSection
	GlobalSection(ExtensibilityGlobals) = postSolution
		SolutionGuid = {0508A813-9CF7-4570-93B3-098995382C91}
	EndGlobalSection
EndGlobal
